
Microsoft Visual Studio Solution File, Format Version 12.00
# Visual Studio Version 16
VisualStudioVersion = 16.0.30104.148
MinimumVisualStudioVersion = 10.0.40219.1
Project("{F184B08F-C81C-45F6-A57F-5ABD9991F28F}") = "demoapp", "demoapp\demoapp.vbproj", "{39C26CBA-9B65-40A2-B6B3-78198ADFA305}"
EndProject
Global
	GlobalSection(SolutionConfigurationPlatforms) = preSolution
		Debug|Any CPU = Debug|Any CPU
		Release|Any CPU = Release|Any CPU
	EndGlobalSection
	GlobalSection(ProjectConfigurationPlatforms) = postSolution
		{39C26CBA-9B65-40A2-B6B3-78198ADFA305}.Debug|Any CPU.ActiveCfg = Debug|Any CPU
		{39C26CBA-9B65-40A2-B6B3-78198ADFA305}.Debug|Any CPU.Build.0 = Debug|Any CPU
		{39C26CBA-9B65-40A2-B6B3-78198ADFA305}.Release|Any CPU.ActiveCfg = Release|Any CPU
		{39C26CBA-9B65-40A2-B6B3-78198ADFA305}.Release|Any CPU.Build.0 = Release|Any CPU
	EndGlobalSection
	GlobalSection(SolutionProperties) = preSolution
		HideSolutionNode = FALSE
	EndGlobalSection
	GlobalSection(ExtensibilityGlobals) = postSolution
		SolutionGuid = {AFC08A0C-9E87-4A82-87B4-8C6AAA9FEEE3}
	EndGlobalSection
EndGlobal
